Microsoft Visual Studio Solution File, Format Version 12.00
# Visual Studio Version 17
VisualStudioVersion = 17.6.33829.357
MinimumVisualStudioVersion = 10.0.40219.1
Project("{2150E333-8FDC-42A3-9474-1A3956D46DE8}") = "Lesweek01", "Lesweek01", "{9600D645-9E0F-404B-A9EB-4404FF8C934B}"
EndProject
Project("{9A19103F-16F7-4668-BE54-9A1E7A4F7556}") = "Oefening01_PersonEncapsulation", "Lesweek01\Oefening01_PersonEncapsulation\Oefening01_PersonEncapsulation.csproj", "{248363FA-3A36-4774-809D-D0CA4B592D53}"
EndProject
Project("{9A19103F-16F7-4668-BE54-9A1E7A4F7556}") = "Oefening02_Casting", "Lesweek01\Oefening02_Casting\Oefening02_Casting.csproj", "{99AEC124-B2AA-457E-AFBE-8208866FC67E}"
EndProject
Project("{9A19103F-16F7-4668-BE54-9A1E7A4F7556}") = "Oefening03_Interfaces", "Lesweek01\Oefening03_Interfaces\Oefening03_Interfaces.csproj", "{79FF5C7E-0824-4BA0-8F86-57CE4500715B}"
EndProject
Project("{9A19103F-16F7-4668-BE54-9A1E7A4F7556}") = "Oefening04_CastingInheritance", "Lesweek01\Oefening04_CastingInheritance\Oefening04_CastingInheritance.csproj", "{49199176-59BB-4EC8-B5D6-854D9138C8BA}"
EndProject
Project("{2150E333-8FDC-42A3-9474-1A3956D46DE8}") = "Lesweek02", "Lesweek02", "{77B2D38F-D32C-46A7-8051-02418E748191}"
EndProject
Project("{2150E333-8FDC-42A3-9474-1A3956D46DE8}") = "Opgaves", "Opgaves", "{215FA7A3-03D9-44CD-AC6D-1066B767858E}"
EndProject
Project("{9A19103F-16F7-4668-BE54-9A1E7A4F7556}") = "Oefening01_SRP_OPG", "Lesweek02\Opgaves\Oefening01_SRP_OPG\Oefening01_SRP_OPG.csproj", "{F7D3F1AF-30F7-46CA-9F2A-17BF1BE77D23}"
EndProject
Project("{2150E333-8FDC-42A3-9474-1A3956D46DE8}") = "Oplossingen", "Oplossingen", "{E8B8A9F7-B0EA-4D65-9300-E215C3C99138}"
EndProject
Project("{9A19103F-16F7-4668-BE54-9A1E7A4F7556}") = "Oefening01_SRP", "Lesweek02\Oplossingen\Oefening01_SRP\Oefening01_SRP.csproj", "{FD7B7F76-1FEA-4C82-A1F6-ABC0A35CF2D0}"
EndProject
Project("{9A19103F-16F7-4668-BE54-9A1E7A4F7556}") = "Oefening02_OCP_OPG", "Lesweek02\Opgaves\Oefening02_OCP_OPG\Oefening02_OCP_OPG.csproj", "{E728810D-9D22-4833-8D39-7029B95B4E67}"
EndProject
Project("{9A19103F-16F7-4668-BE54-9A1E7A4F7556}") = "Oefening02_OCP", "Lesweek02\Oplossingen\Oefening02_OCP\Oefening02_OCP.csproj", "{5C72D2BD-624A-4E21-AF38-751D5EADAC6A}"
EndProject
Project("{9A19103F-16F7-4668-BE54-9A1E7A4F7556}") = "Oefening03_LSP_OPG", "Lesweek02\Opgaves\Oefening03_LSP_OPG\Oefening03_LSP_OPG.csproj", "{CEDA6661-702D-4A2B-B4E1-3F2A7AD2F9B1}"
EndProject
Project("{9A19103F-16F7-4668-BE54-9A1E7A4F7556}") = "Oefening03_LSP", "Lesweek02\Oplossingen\Oefening03_LSP\Oefening03_LSP.csproj", "{5C214A74-5FB9-4EEA-AF12-BBB2F8006669}"
EndProject
Project("{9A19103F-16F7-4668-BE54-9A1E7A4F7556}") = "Oefening04_ISP_OPG", "Lesweek02\Opgaves\Oefening04_ISP_OPG\Oefening04_ISP_OPG.csproj", "{188BA026-58E9-4065-96F0-B62D0E0331F8}"
EndProject
Project("{9A19103F-16F7-4668-BE54-9A1E7A4F7556}") = "Oefening04_ISP", "Lesweek02\Oplossingen\Oefening04_ISP\Oefening04_ISP.csproj", "{5B589946-7642-44FE-9A1E-CE384AA1C42C}"
EndProject
Project("{2150E333-8FDC-42A3-9474-1A3956D46DE8}") = "Lesweek03", "Lesweek03", "{16C47FFB-F26B-4CCF-AA87-D4EAE9DC2FAB}"
EndProject
Project("{2150E333-8FDC-42A3-9474-1A3956D46DE8}") = "Voorbeelden", "Voorbeelden", "{7E98507E-4902-422C-9BBB-0E7F363CE7D0}"
EndProject
Project("{9A19103F-16F7-4668-BE54-9A1E7A4F7556}") = "Voorbeeld01_DIEmailSender", "Lesweek03\Voorbeelden\Voorbeeld01_DIEmailSender\Voorbeeld01_DIEmailSender.csproj", "{AD06D58C-C6CF-42AA-AA88-17FD7E89FE33}"
EndProject
Project("{9A19103F-16F7-4668-BE54-9A1E7A4F7556}") = "Voorbeeld02_DISamurai", "Lesweek03\Voorbeelden\Voorbeeld02_DISamurai\Voorbeeld02_DISamurai.csproj", "{AE88A2A2-1019-4135-A776-0EA86F667736}"
EndProject
Project("{2150E333-8FDC-42A3-9474-1A3956D46DE8}") = "Oplossingen", "Oplossingen", "{48467F16-7B74-4034-88FC-73072376FADF}"
EndProject
Project("{9A19103F-16F7-4668-BE54-9A1E7A4F7556}") = "Oefening01_DISamurai", "Lesweek03\Oplossingen\Oefening01_DISamurai\Oefening01_DISamurai.csproj", "{506329E0-14C6-4C18-8767-E4DADD84B2A5}"
EndProject
Project("{9A19103F-16F7-4668-BE54-9A1E7A4F7556}") = "Oefening02_DILogin", "Lesweek03\Oplossingen\Oefening02_DILogin\Oefening02_DILogin.csproj", "{E9CD683B-084E-4A9D-AA07-EA6BB355AF39}"
EndProject
Project("{2150E333-8FDC-42A3-9474-1A3956D46DE8}") = "Lesweek04", "Lesweek04", "{37C45F5F-7E98-4D27-8E58-B9B17EBFEFDF}"
EndProject
Project("{2150E333-8FDC-42A3-9474-1A3956D46DE8}") = "Voorbeelden", "Voorbeelden", "{DD7BA597-16D3-4B90-B9C7-19EF36846306}"
EndProject
Project("{9A19103F-16F7-4668-BE54-9A1E7A4F7556}") = "Voorbeeld01_HelloCore", "Lesweek04\Voorbeelden\Voorbeeld01_HelloCore\Voorbeeld01_HelloCore.csproj", "{791DBD11-DEA8-4A4C-9877-B0A16A3B3D7F}"
EndProject
Project("{9A19103F-16F7-4668-BE54-9A1E7A4F7556}") = "Voorbeeld02_HelloCore", "Lesweek04\Voorbeelden\Voorbeeld02_HelloCore\Voorbeeld02_HelloCore.csproj", "{58AE6FF9-0E71-408A-A58B-40258A4571CE}"
EndProject
Project("{2150E333-8FDC-42A3-9474-1A3956D46DE8}") = "Oplossingen", "Oplossingen", "{FC64958D-A385-4322-8470-86D19FF61E88}"
EndProject
Project("{2150E333-8FDC-42A3-9474-1A3956D46DE8}") = "Lesweek05", "Lesweek05", "{E9659D43-8F1C-4260-89E8-68B9AA363705}"
EndProject
Project("{2150E333-8FDC-42A3-9474-1A3956D46DE8}") = "Voorbeelden", "Voorbeelden", "{E0DB20D7-461B-4B31-9D6E-753AABE10503}"
EndProject
Project("{FAE04EC0-301F-11D3-BF4B-00C04F79EFBC}") = "Oefening01_ASPMVC", "Lesweek04\Oplossingen\Oefening01_ASPMVC\Oefening01_ASPMVC.csproj", "{B1D3BC0E-EE50-4C8F-811E-3E0F8F255DA4}"
EndProject
Project("{FAE04EC0-301F-11D3-BF4B-00C04F79EFBC}") = "Voorbeeld01_JSONSerialise", "Lesweek05\Voorbeelden\Voorbeeld01_JSONSerialise\Voorbeeld01_JSONSerialise.csproj", "{0B0E15EC-FF66-41CF-A636-BABAABA3B56C}"
EndProject
Project("{FAE04EC0-301F-11D3-BF4B-00C04F79EFBC}") = "Voorbeeld02_JSONDeserialise", "Lesweek05\Voorbeelden\Voorbeeld02_JSONDeserialise\Voorbeeld02_JSONDeserialise.csproj", "{2D861DB2-2AB8-4526-9160-8FE81344FF65}"
EndProject
Project("{FAE04EC0-301F-11D3-BF4B-00C04F79EFBC}") = "Voorbeeld03_JSONSerializerOptions", "Lesweek05\Voorbeelden\Voorbeeld03_JSONSerializerOptions\Voorbeeld03_JSONSerializerOptions.csproj", "{87792CB1-440E-4992-A1C7-B5E4D8FCD408}"
EndProject
Project("{FAE04EC0-301F-11D3-BF4B-00C04F79EFBC}") = "Voorbeeld04_JSONComplex", "Lesweek05\Voorbeelden\Voorbeeld04_JSONComplex\Voorbeeld04_JSONComplex.csproj", "{F2FA8CDE-6699-4C28-8526-61A233BE65BC}"
EndProject
Project("{FAE04EC0-301F-11D3-BF4B-00C04F79EFBC}") = "Voorbeeld05_HelloCore", "Voorbeeld05_HelloCore\Voorbeeld05_HelloCore.csproj", "{D18FD6E3-51B8-4809-B85E-0C36EC8FFAE3}"
EndProject
Project("{2150E333-8FDC-42A3-9474-1A3956D46DE8}") = "Oplossingen", "Oplossingen", "{38E9086A-8EEC-4824-9E2A-3FA5BF51B254}"
EndProject
Project("{FAE04EC0-301F-11D3-BF4B-00C04F79EFBC}") = "Oefening01_JSONParsing", "Lesweek05\Oplossingen\Oefening01_JSONParsing\Oefening01_JSONParsing.csproj", "{5E143CB4-8BA8-4B16-82E2-E1153B54828D}"
EndProject
Project("{FAE04EC0-301F-11D3-BF4B-00C04F79EFBC}") = "Oefening02_PersonsMVC", "Lesweek05\Oplossingen\Oefening02_PersonsMVC\Oefening02_PersonsMVC.csproj", "{FC216CCD-D227-4160-9777-59C75606B952}"
EndProject
Project("{2150E333-8FDC-42A3-9474-1A3956D46DE8}") = "Lesweek06", "Lesweek06", "{E9411CDC-E800-4D11-8B85-5D0B68F68B71}"
EndProject
Project("{2150E333-8FDC-42A3-9474-1A3956D46DE8}") = "Oplossingen", "Oplossingen", "{B0E0FCDD-760F-4941-AB0E-74240783A497}"
EndProject
Project("{2150E333-8FDC-42A3-9474-1A3956D46DE8}") = "Voorbeelden", "Voorbeelden", "{3581DEE7-5E07-4FEE-94BF-DC81F5C45739}"
EndProject
Project("{FAE04EC0-301F-11D3-BF4B-00C04F79EFBC}") = "Voorbeeld06_HelloCore", "Voorbeeld01_HelloCoreCRUD\Voorbeeld06_HelloCore.csproj", "{71C86D85-F037-4F25-9BA3-907D0A61E28D}"
EndProject
Project("{FAE04EC0-301F-11D3-BF4B-00C04F79EFBC}") = "Oefening03_PersonsMVC", "Lesweek06\Oplossingen\Oefening02_PersonsMVC\Oefening03_PersonsMVC.csproj", "{852DD6CF-AA4F-48D6-99EA-0D9C50A9EAE5}"
EndProject
Global
	GlobalSection(SolutionConfigurationPlatforms) = preSolution
		Debug|Any CPU = Debug|Any CPU
		Release|Any CPU = Release|Any CPU
	EndGlobalSection
	GlobalSection(ProjectConfigurationPlatforms) = postSolution
		{248363FA-3A36-4774-809D-D0CA4B592D53}.Debug|Any CPU.ActiveCfg = Debug|Any CPU
		{248363FA-3A36-4774-809D-D0CA4B592D53}.Debug|Any CPU.Build.0 = Debug|Any CPU
		{248363FA-3A36-4774-809D-D0CA4B592D53}.Release|Any CPU.ActiveCfg = Release|Any CPU
		{248363FA-3A36-4774-809D-D0CA4B592D53}.Release|Any CPU.Build.0 = Release|Any CPU
		{99AEC124-B2AA-457E-AFBE-8208866FC67E}.Debug|Any CPU.ActiveCfg = Debug|Any CPU
		{99AEC124-B2AA-457E-AFBE-8208866FC67E}.Debug|Any CPU.Build.0 = Debug|Any CPU
		{99AEC124-B2AA-457E-AFBE-8208866FC67E}.Release|Any CPU.ActiveCfg = Release|Any CPU
		{99AEC124-B2AA-457E-AFBE-8208866FC67E}.Release|Any CPU.Build.0 = Release|Any CPU
		{79FF5C7E-0824-4BA0-8F86-57CE4500715B}.Debug|Any CPU.ActiveCfg = Debug|Any CPU
		{79FF5C7E-0824-4BA0-8F86-57CE4500715B}.Debug|Any CPU.Build.0 = Debug|Any CPU
		{79FF5C7E-0824-4BA0-8F86-57CE4500715B}.Release|Any CPU.ActiveCfg = Release|Any CPU
		{79FF5C7E-0824-4BA0-8F86-57CE4500715B}.Release|Any CPU.Build.0 = Release|Any CPU
		{49199176-59BB-4EC8-B5D6-854D9138C8BA}.Debug|Any CPU.ActiveCfg = Debug|Any CPU
		{49199176-59BB-4EC8-B5D6-854D9138C8BA}.Debug|Any CPU.Build.0 = Debug|Any CPU
		{49199176-59BB-4EC8-B5D6-854D9138C8BA}.Release|Any CPU.ActiveCfg = Release|Any CPU
		{49199176-59BB-4EC8-B5D6-854D9138C8BA}.Release|Any CPU.Build.0 = Release|Any CPU
		{F7D3F1AF-30F7-46CA-9F2A-17BF1BE77D23}.Debug|Any CPU.ActiveCfg = Debug|Any CPU
		{F7D3F1AF-30F7-46CA-9F2A-17BF1BE77D23}.Debug|Any CPU.Build.0 = Debug|Any CPU
		{F7D3F1AF-30F7-46CA-9F2A-17BF1BE77D23}.Release|Any CPU.ActiveCfg = Release|Any CPU
		{F7D3F1AF-30F7-46CA-9F2A-17BF1BE77D23}.Release|Any CPU.Build.0 = Release|Any CPU
		{FD7B7F76-1FEA-4C82-A1F6-ABC0A35CF2D0}.Debug|Any CPU.ActiveCfg = Debug|Any CPU
		{FD7B7F76-1FEA-4C82-A1F6-ABC0A35CF2D0}.Debug|Any CPU.Build.0 = Debug|Any CPU
		{FD7B7F76-1FEA-4C82-A1F6-ABC0A35CF2D0}.Release|Any CPU.ActiveCfg = Release|Any CPU
		{FD7B7F76-1FEA-4C82-A1F6-ABC0A35CF2D0}.Release|Any CPU.Build.0 = Release|Any CPU
		{E728810D-9D22-4833-8D39-7029B95B4E67}.Debug|Any CPU.ActiveCfg = Debug|Any CPU
		{E728810D-9D22-4833-8D39-7029B95B4E67}.Debug|Any CPU.Build.0 = Debug|Any CPU
		{E728810D-9D22-4833-8D39-7029B95B4E67}.Release|Any CPU.ActiveCfg = Release|Any CPU
		{E728810D-9D22-4833-8D39-7029B95B4E67}.Release|Any CPU.Build.0 = Release|Any CPU
		{5C72D2BD-624A-4E21-AF38-751D5EADAC6A}.Debug|Any CPU.ActiveCfg = Debug|Any CPU
		{5C72D2BD-624A-4E21-AF38-751D5EADAC6A}.Debug|Any CPU.Build.0 = Debug|Any CPU
		{5C72D2BD-624A-4E21-AF38-751D5EADAC6A}.Release|Any CPU.ActiveCfg = Release|Any CPU
		{5C72D2BD-624A-4E21-AF38-751D5EADAC6A}.Release|Any CPU.Build.0 = Release|Any CPU
		{CEDA6661-702D-4A2B-B4E1-3F2A7AD2F9B1}.Debug|Any CPU.ActiveCfg = Debug|Any CPU
		{CEDA6661-702D-4A2B-B4E1-3F2A7AD2F9B1}.Debug|Any CPU.Build.0 = Debug|Any CPU
		{CEDA6661-702D-4A2B-B4E1-3F2A7AD2F9B1}.Release|Any CPU.ActiveCfg = Release|Any CPU
		{CEDA6661-702D-4A2B-B4E1-3F2A7AD2F9B1}.Release|Any CPU.Build.0 = Release|Any CPU
		{5C214A74-5FB9-4EEA-AF12-BBB2F8006669}.Debug|Any CPU.ActiveCfg = Debug|Any CPU
		{5C214A74-5FB9-4EEA-AF12-BBB2F8006669}.Debug|Any CPU.Build.0 = Debug|Any CPU
		{5C214A74-5FB9-4EEA-AF12-BBB2F8006669}.Release|Any CPU.ActiveCfg = Release|Any CPU
		{5C214A74-5FB9-4EEA-AF12-BBB2F8006669}.Release|Any CPU.Build.0 = Release|Any CPU
		{188BA026-58E9-4065-96F0-B62D0E0331F8}.Debug|Any CPU.ActiveCfg = Debug|Any CPU
		{188BA026-58E9-4065-96F0-B62D0E0331F8}.Debug|Any CPU.Build.0 = Debug|Any CPU
		{188BA026-58E9-4065-96F0-B62D0E0331F8}.Release|Any CPU.ActiveCfg = Release|Any CPU
		{188BA026-58E9-4065-96F0-B62D0E0331F8}.Release|Any CPU.Build.0 = Release|Any CPU
		{5B589946-7642-44FE-9A1E-CE384AA1C42C}.Debug|Any CPU.ActiveCfg = Debug|Any CPU
		{5B589946-7642-44FE-9A1E-CE384AA1C42C}.Debug|Any CPU.Build.0 = Debug|Any CPU
		{5B589946-7642-44FE-9A1E-CE384AA1C42C}.Release|Any CPU.ActiveCfg = Release|Any CPU
		{5B589946-7642-44FE-9A1E-CE384AA1C42C}.Release|Any CPU.Build.0 = Release|Any CPU
		{AD06D58C-C6CF-42AA-AA88-17FD7E89FE33}.Debug|Any CPU.ActiveCfg = Debug|Any CPU
		{AD06D58C-C6CF-42AA-AA88-17FD7E89FE33}.Debug|Any CPU.Build.0 = Debug|Any CPU
		{AD06D58C-C6CF-42AA-AA88-17FD7E89FE33}.Release|Any CPU.ActiveCfg = Release|Any CPU
		{AD06D58C-C6CF-42AA-AA88-17FD7E89FE33}.Release|Any CPU.Build.0 = Release|Any CPU
		{AE88A2A2-1019-4135-A776-0EA86F667736}.Debug|Any CPU.ActiveCfg = Debug|Any CPU
		{AE88A2A2-1019-4135-A776-0EA86F667736}.Debug|Any CPU.Build.0 = Debug|Any CPU
		{AE88A2A2-1019-4135-A776-0EA86F667736}.Release|Any CPU.ActiveCfg = Release|Any CPU
		{AE88A2A2-1019-4135-A776-0EA86F667736}.Release|Any CPU.Build.0 = Release|Any CPU
		{506329E0-14C6-4C18-8767-E4DADD84B2A5}.Debug|Any CPU.ActiveCfg = Debug|Any CPU
		{506329E0-14C6-4C18-8767-E4DADD84B2A5}.Debug|Any CPU.Build.0 = Debug|Any CPU
		{506329E0-14C6-4C18-8767-E4DADD84B2A5}.Release|Any CPU.ActiveCfg = Release|Any CPU
		{506329E0-14C6-4C18-8767-E4DADD84B2A5}.Release|Any CPU.Build.0 = Release|Any CPU
		{E9CD683B-084E-4A9D-AA07-EA6BB355AF39}.Debug|Any CPU.ActiveCfg = Debug|Any CPU
		{E9CD683B-084E-4A9D-AA07-EA6BB355AF39}.Debug|Any CPU.Build.0 = Debug|Any CPU
		{E9CD683B-084E-4A9D-AA07-EA6BB355AF39}.Release|Any CPU.ActiveCfg = Release|Any CPU
		{E9CD683B-084E-4A9D-AA07-EA6BB355AF39}.Release|Any CPU.Build.0 = Release|Any CPU
		{791DBD11-DEA8-4A4C-9877-B0A16A3B3D7F}.Debug|Any CPU.ActiveCfg = Debug|Any CPU
		{791DBD11-DEA8-4A4C-9877-B0A16A3B3D7F}.Debug|Any CPU.Build.0 = Debug|Any CPU
		{791DBD11-DEA8-4A4C-9877-B0A16A3B3D7F}.Release|Any CPU.ActiveCfg = Release|Any CPU
		{791DBD11-DEA8-4A4C-9877-B0A16A3B3D7F}.Release|Any CPU.Build.0 = Release|Any CPU
		{58AE6FF9-0E71-408A-A58B-40258A4571CE}.Debug|Any CPU.ActiveCfg = Debug|Any CPU
		{58AE6FF9-0E71-408A-A58B-40258A4571CE}.Debug|Any CPU.Build.0 = Debug|Any CPU
		{58AE6FF9-0E71-408A-A58B-40258A4571CE}.Release|Any CPU.ActiveCfg = Release|Any CPU
		{58AE6FF9-0E71-408A-A58B-40258A4571CE}.Release|Any CPU.Build.0 = Release|Any CPU
		{B1D3BC0E-EE50-4C8F-811E-3E0F8F255DA4}.Debug|Any CPU.ActiveCfg = Debug|Any CPU
		{B1D3BC0E-EE50-4C8F-811E-3E0F8F255DA4}.Debug|Any CPU.Build.0 = Debug|Any CPU
		{B1D3BC0E-EE50-4C8F-811E-3E0F8F255DA4}.Release|Any CPU.ActiveCfg = Release|Any CPU
		{B1D3BC0E-EE50-4C8F-811E-3E0F8F255DA4}.Release|Any CPU.Build.0 = Release|Any CPU
		{0B0E15EC-FF66-41CF-A636-BABAABA3B56C}.Debug|Any CPU.ActiveCfg = Debug|Any CPU
		{0B0E15EC-FF66-41CF-A636-BABAABA3B56C}.Debug|Any CPU.Build.0 = Debug|Any CPU
		{0B0E15EC-FF66-41CF-A636-BABAABA3B56C}.Release|Any CPU.ActiveCfg = Release|Any CPU
		{0B0E15EC-FF66-41CF-A636-BABAABA3B56C}.Release|Any CPU.Build.0 = Release|Any CPU
		{2D861DB2-2AB8-4526-9160-8FE81344FF65}.Debug|Any CPU.ActiveCfg = Debug|Any CPU
		{2D861DB2-2AB8-4526-9160-8FE81344FF65}.Debug|Any CPU.Build.0 = Debug|Any CPU
		{2D861DB2-2AB8-4526-9160-8FE81344FF65}.Release|Any CPU.ActiveCfg = Release|Any CPU
		{2D861DB2-2AB8-4526-9160-8FE81344FF65}.Release|Any CPU.Build.0 = Release|Any CPU
		{87792CB1-440E-4992-A1C7-B5E4D8FCD408}.Debug|Any CPU.ActiveCfg = Debug|Any CPU
		{87792CB1-440E-4992-A1C7-B5E4D8FCD408}.Debug|Any CPU.Build.0 = Debug|Any CPU
		{87792CB1-440E-4992-A1C7-B5E4D8FCD408}.Release|Any CPU.ActiveCfg = Release|Any CPU
		{87792CB1-440E-4992-A1C7-B5E4D8FCD408}.Release|Any CPU.Build.0 = Release|Any CPU
		{F2FA8CDE-6699-4C28-8526-61A233BE65BC}.Debug|Any CPU.ActiveCfg = Debug|Any CPU
		{F2FA8CDE-6699-4C28-8526-61A233BE65BC}.Debug|Any CPU.Build.0 = Debug|Any CPU
		{F2FA8CDE-6699-4C28-8526-61A233BE65BC}.Release|Any CPU.ActiveCfg = Release|Any CPU
		{F2FA8CDE-6699-4C28-8526-61A233BE65BC}.Release|Any CPU.Build.0 = Release|Any CPU
		{D18FD6E3-51B8-4809-B85E-0C36EC8FFAE3}.Debug|Any CPU.ActiveCfg = Debug|Any CPU
		{D18FD6E3-51B8-4809-B85E-0C36EC8FFAE3}.Debug|Any CPU.Build.0 = Debug|Any CPU
		{D18FD6E3-51B8-4809-B85E-0C36EC8FFAE3}.Release|Any CPU.ActiveCfg = Release|Any CPU
		{D18FD6E3-51B8-4809-B85E-0C36EC8FFAE3}.Release|Any CPU.Build.0 = Release|Any CPU
		{5E143CB4-8BA8-4B16-82E2-E1153B54828D}.Debug|Any CPU.ActiveCfg = Debug|Any CPU
		{5E143CB4-8BA8-4B16-82E2-E1153B54828D}.Debug|Any CPU.Build.0 = Debug|Any CPU
		{5E143CB4-8BA8-4B16-82E2-E1153B54828D}.Release|Any CPU.ActiveCfg = Release|Any CPU
		{5E143CB4-8BA8-4B16-82E2-E1153B54828D}.Release|Any CPU.Build.0 = Release|Any CPU
		{FC216CCD-D227-4160-9777-59C75606B952}.Debug|Any CPU.ActiveCfg = Debug|Any CPU
		{FC216CCD-D227-4160-9777-59C75606B952}.Debug|Any CPU.Build.0 = Debug|Any CPU
		{FC216CCD-D227-4160-9777-59C75606B952}.Release|Any CPU.ActiveCfg = Release|Any CPU
		{FC216CCD-D227-4160-9777-59C75606B952}.Release|Any CPU.Build.0 = Release|Any CPU
		{71C86D85-F037-4F25-9BA3-907D0A61E28D}.Debug|Any CPU.ActiveCfg = Debug|Any CPU
		{71C86D85-F037-4F25-9BA3-907D0A61E28D}.Debug|Any CPU.Build.0 = Debug|Any CPU
		{71C86D85-F037-4F25-9BA3-907D0A61E28D}.Release|Any CPU.ActiveCfg = Release|Any CPU
		{71C86D85-F037-4F25-9BA3-907D0A61E28D}.Release|Any CPU.Build.0 = Release|Any CPU
		{852DD6CF-AA4F-48D6-99EA-0D9C50A9EAE5}.Debug|Any CPU.ActiveCfg = Debug|Any CPU
		{852DD6CF-AA4F-48D6-99EA-0D9C50A9EAE5}.Debug|Any CPU.Build.0 = Debug|Any CPU
		{852DD6CF-AA4F-48D6-99EA-0D9C50A9EAE5}.Release|Any CPU.ActiveCfg = Release|Any CPU
		{852DD6CF-AA4F-48D6-99EA-0D9C50A9EAE5}.Release|Any CPU.Build.0 = Release|Any CPU
	EndGlobalSection
	GlobalSection(SolutionProperties) = preSolution
		HideSolutionNode = FALSE
	EndGlobalSection
	GlobalSection(NestedProjects) = preSolution
		{248363FA-3A36-4774-809D-D0CA4B592D53} = {9600D645-9E0F-404B-A9EB-4404FF8C934B}
		{99AEC124-B2AA-457E-AFBE-8208866FC67E} = {9600D645-9E0F-404B-A9EB-4404FF8C934B}
		{79FF5C7E-0824-4BA0-8F86-57CE4500715B} = {9600D645-9E0F-404B-A9EB-4404FF8C934B}
		{49199176-59BB-4EC8-B5D6-854D9138C8BA} = {9600D645-9E0F-404B-A9EB-4404FF8C934B}
		{215FA7A3-03D9-44CD-AC6D-1066B767858E} = {77B2D38F-D32C-46A7-8051-02418E748191}
		{F7D3F1AF-30F7-46CA-9F2A-17BF1BE77D23} = {215FA7A3-03D9-44CD-AC6D-1066B767858E}
		{E8B8A9F7-B0EA-4D65-9300-E215C3C99138} = {77B2D38F-D32C-46A7-8051-02418E748191}
		{FD7B7F76-1FEA-4C82-A1F6-ABC0A35CF2D0} = {E8B8A9F7-B0EA-4D65-9300-E215C3C99138}
		{E728810D-9D22-4833-8D39-7029B95B4E67} = {215FA7A3-03D9-44CD-AC6D-1066B767858E}
		{5C72D2BD-624A-4E21-AF38-751D5EADAC6A} = {E8B8A9F7-B0EA-4D65-9300-E215C3C99138}
		{CEDA6661-702D-4A2B-B4E1-3F2A7AD2F9B1} = {215FA7A3-03D9-44CD-AC6D-1066B767858E}
		{5C214A74-5FB9-4EEA-AF12-BBB2F8006669} = {E8B8A9F7-B0EA-4D65-9300-E215C3C99138}
		{188BA026-58E9-4065-96F0-B62D0E0331F8} = {215FA7A3-03D9-44CD-AC6D-1066B767858E}
		{5B589946-7642-44FE-9A1E-CE384AA1C42C} = {E8B8A9F7-B0EA-4D65-9300-E215C3C99138}
		{7E98507E-4902-422C-9BBB-0E7F363CE7D0} = {16C47FFB-F26B-4CCF-AA87-D4EAE9DC2FAB}
		{AD06D58C-C6CF-42AA-AA88-17FD7E89FE33} = {7E98507E-4902-422C-9BBB-0E7F363CE7D0}
		{AE88A2A2-1019-4135-A776-0EA86F667736} = {7E98507E-4902-422C-9BBB-0E7F363CE7D0}
		{48467F16-7B74-4034-88FC-73072376FADF} = {16C47FFB-F26B-4CCF-AA87-D4EAE9DC2FAB}
		{506329E0-14C6-4C18-8767-E4DADD84B2A5} = {48467F16-7B74-4034-88FC-73072376FADF}
		{E9CD683B-084E-4A9D-AA07-EA6BB355AF39} = {48467F16-7B74-4034-88FC-73072376FADF}
		{DD7BA597-16D3-4B90-B9C7-19EF36846306} = {37C45F5F-7E98-4D27-8E58-B9B17EBFEFDF}
		{791DBD11-DEA8-4A4C-9877-B0A16A3B3D7F} = {DD7BA597-16D3-4B90-B9C7-19EF36846306}
		{58AE6FF9-0E71-408A-A58B-40258A4571CE} = {DD7BA597-16D3-4B90-B9C7-19EF36846306}
		{FC64958D-A385-4322-8470-86D19FF61E88} = {37C45F5F-7E98-4D27-8E58-B9B17EBFEFDF}
		{E0DB20D7-461B-4B31-9D6E-753AABE10503} = {E9659D43-8F1C-4260-89E8-68B9AA363705}
		{B1D3BC0E-EE50-4C8F-811E-3E0F8F255DA4} = {FC64958D-A385-4322-8470-86D19FF61E88}
		{0B0E15EC-FF66-41CF-A636-BABAABA3B56C} = {E0DB20D7-461B-4B31-9D6E-753AABE10503}
		{2D861DB2-2AB8-4526-9160-8FE81344FF65} = {E0DB20D7-461B-4B31-9D6E-753AABE10503}
		{87792CB1-440E-4992-A1C7-B5E4D8FCD408} = {E0DB20D7-461B-4B31-9D6E-753AABE10503}
		{F2FA8CDE-6699-4C28-8526-61A233BE65BC} = {E0DB20D7-461B-4B31-9D6E-753AABE10503}
		{D18FD6E3-51B8-4809-B85E-0C36EC8FFAE3} = {E0DB20D7-461B-4B31-9D6E-753AABE10503}
		{38E9086A-8EEC-4824-9E2A-3FA5BF51B254} = {E9659D43-8F1C-4260-89E8-68B9AA363705}
		{5E143CB4-8BA8-4B16-82E2-E1153B54828D} = {38E9086A-8EEC-4824-9E2A-3FA5BF51B254}
		{FC216CCD-D227-4160-9777-59C75606B952} = {38E9086A-8EEC-4824-9E2A-3FA5BF51B254}
		{B0E0FCDD-760F-4941-AB0E-74240783A497} = {E9411CDC-E800-4D11-8B85-5D0B68F68B71}
		{3581DEE7-5E07-4FEE-94BF-DC81F5C45739} = {E9411CDC-E800-4D11-8B85-5D0B68F68B71}
		{71C86D85-F037-4F25-9BA3-907D0A61E28D} = {3581DEE7-5E07-4FEE-94BF-DC81F5C45739}
		{852DD6CF-AA4F-48D6-99EA-0D9C50A9EAE5} = {B0E0FCDD-760F-4941-AB0E-74240783A497}
	EndGlobalSection
	GlobalSection(ExtensibilityGlobals) = postSolution
		SolutionGuid = {59EE7BAD-F019-4450-AABA-C24BA73C74EE}
	EndGlobalSection
EndGlobal
