
Microsoft Visual Studio Solution File, Format Version 12.00
# Visual Studio Version 17
VisualStudioVersion = 17.6.33829.357
MinimumVisualStudioVersion = 10.0.40219.1
Project("{2150E333-8FDC-42A3-9474-1A3956D46DE8}") = "Lesweek01", "Lesweek01", "{9600D645-9E0F-404B-A9EB-4404FF8C934B}"
EndProject
Project("{9A19103F-16F7-4668-BE54-9A1E7A4F7556}") = "Oefening01_PersonEncapsulation", "Lesweek01\Oefening01_PersonEncapsulation\Oefening01_PersonEncapsulation.csproj", "{248363FA-3A36-4774-809D-D0CA4B592D53}"
EndProject
Project("{9A19103F-16F7-4668-BE54-9A1E7A4F7556}") = "Oefening02_Casting", "Lesweek01\Oefening02_Casting\Oefening02_Casting.csproj", "{99AEC124-B2AA-457E-AFBE-8208866FC67E}"
EndProject
Project("{9A19103F-16F7-4668-BE54-9A1E7A4F7556}") = "Oefening03_Interfaces", "Lesweek01\Oefening03_Interfaces\Oefening03_Interfaces.csproj", "{79FF5C7E-0824-4BA0-8F86-57CE4500715B}"
EndProject
Project("{9A19103F-16F7-4668-BE54-9A1E7A4F7556}") = "Oefening04_CastingInheritance", "Lesweek01\Oefening04_CastingInheritance\Oefening04_CastingInheritance.csproj", "{49199176-59BB-4EC8-B5D6-854D9138C8BA}"
EndProject
Project("{2150E333-8FDC-42A3-9474-1A3956D46DE8}") = "Lesweek02", "Lesweek02", "{77B2D38F-D32C-46A7-8051-02418E748191}"
EndProject
Project("{2150E333-8FDC-42A3-9474-1A3956D46DE8}") = "Opgaves", "Opgaves", "{215FA7A3-03D9-44CD-AC6D-1066B767858E}"
EndProject
Project("{9A19103F-16F7-4668-BE54-9A1E7A4F7556}") = "Oefening01_SRP_OPG", "Lesweek02\Opgaves\Oefening01_SRP_Opgave\Oefening01_SRP_OPG.csproj", "{F7D3F1AF-30F7-46CA-9F2A-17BF1BE77D23}"
EndProject
Project("{2150E333-8FDC-42A3-9474-1A3956D46DE8}") = "Oplossingen", "Oplossingen", "{E8B8A9F7-B0EA-4D65-9300-E215C3C99138}"
EndProject
Project("{9A19103F-16F7-4668-BE54-9A1E7A4F7556}") = "Oefening01_SRP", "Lesweek02\Oplossingen\Oefening01_SRP\Oefening01_SRP.csproj", "{FD7B7F76-1FEA-4C82-A1F6-ABC0A35CF2D0}"
EndProject
Project("{FAE04EC0-301F-11D3-BF4B-00C04F79EFBC}") = "Oefening02_OCP_OPG", "Lesweek02\Opgaves\Oefening02_OCP_Opgave\Oefening02_OCP_OPG\Oefening02_OCP_OPG.csproj", "{E728810D-9D22-4833-8D39-7029B95B4E67}"
EndProject
Project("{FAE04EC0-301F-11D3-BF4B-00C04F79EFBC}") = "Oefening02_OCP", "Lesweek02\Oplossingen\Oefening02_OCP\Oefening02_OCP.csproj", "{5C72D2BD-624A-4E21-AF38-751D5EADAC6A}"
EndProject
Project("{FAE04EC0-301F-11D3-BF4B-00C04F79EFBC}") = "Oefening03_LSP_OPG", "Lesweek02\Opgaves\Oefening03_LSP_OPG\Oefening03_LSP_OPG.csproj", "{CEDA6661-702D-4A2B-B4E1-3F2A7AD2F9B1}"
EndProject
Project("{FAE04EC0-301F-11D3-BF4B-00C04F79EFBC}") = "Oefening03_LSP", "Lesweek02\Oplossingen\Oefening03_LSP\Oefening03_LSP.csproj", "{5C214A74-5FB9-4EEA-AF12-BBB2F8006669}"
EndProject
Project("{FAE04EC0-301F-11D3-BF4B-00C04F79EFBC}") = "Oefening04_ISP_OPG", "Lesweek02\Opgaves\Oefening04_ISP_OPG\Oefening04_ISP_OPG.csproj", "{188BA026-58E9-4065-96F0-B62D0E0331F8}"
EndProject
Project("{FAE04EC0-301F-11D3-BF4B-00C04F79EFBC}") = "Oefening04_ISP", "Lesweek02\Oplossingen\Oefening04_ISP\Oefening04_ISP.csproj", "{5B589946-7642-44FE-9A1E-CE384AA1C42C}"
EndProject
Global
	GlobalSection(SolutionConfigurationPlatforms) = preSolution
		Debug|Any CPU = Debug|Any CPU
		Release|Any CPU = Release|Any CPU
	EndGlobalSection
	GlobalSection(ProjectConfigurationPlatforms) = postSolution
		{248363FA-3A36-4774-809D-D0CA4B592D53}.Debug|Any CPU.ActiveCfg = Debug|Any CPU
		{248363FA-3A36-4774-809D-D0CA4B592D53}.Debug|Any CPU.Build.0 = Debug|Any CPU
		{248363FA-3A36-4774-809D-D0CA4B592D53}.Release|Any CPU.ActiveCfg = Release|Any CPU
		{248363FA-3A36-4774-809D-D0CA4B592D53}.Release|Any CPU.Build.0 = Release|Any CPU
		{99AEC124-B2AA-457E-AFBE-8208866FC67E}.Debug|Any CPU.ActiveCfg = Debug|Any CPU
		{99AEC124-B2AA-457E-AFBE-8208866FC67E}.Debug|Any CPU.Build.0 = Debug|Any CPU
		{99AEC124-B2AA-457E-AFBE-8208866FC67E}.Release|Any CPU.ActiveCfg = Release|Any CPU
		{99AEC124-B2AA-457E-AFBE-8208866FC67E}.Release|Any CPU.Build.0 = Release|Any CPU
		{79FF5C7E-0824-4BA0-8F86-57CE4500715B}.Debug|Any CPU.ActiveCfg = Debug|Any CPU
		{79FF5C7E-0824-4BA0-8F86-57CE4500715B}.Debug|Any CPU.Build.0 = Debug|Any CPU
		{79FF5C7E-0824-4BA0-8F86-57CE4500715B}.Release|Any CPU.ActiveCfg = Release|Any CPU
		{79FF5C7E-0824-4BA0-8F86-57CE4500715B}.Release|Any CPU.Build.0 = Release|Any CPU
		{49199176-59BB-4EC8-B5D6-854D9138C8BA}.Debug|Any CPU.ActiveCfg = Debug|Any CPU
		{49199176-59BB-4EC8-B5D6-854D9138C8BA}.Debug|Any CPU.Build.0 = Debug|Any CPU
		{49199176-59BB-4EC8-B5D6-854D9138C8BA}.Release|Any CPU.ActiveCfg = Release|Any CPU
		{49199176-59BB-4EC8-B5D6-854D9138C8BA}.Release|Any CPU.Build.0 = Release|Any CPU
		{F7D3F1AF-30F7-46CA-9F2A-17BF1BE77D23}.Debug|Any CPU.ActiveCfg = Debug|Any CPU
		{F7D3F1AF-30F7-46CA-9F2A-17BF1BE77D23}.Debug|Any CPU.Build.0 = Debug|Any CPU
		{F7D3F1AF-30F7-46CA-9F2A-17BF1BE77D23}.Release|Any CPU.ActiveCfg = Release|Any CPU
		{F7D3F1AF-30F7-46CA-9F2A-17BF1BE77D23}.Release|Any CPU.Build.0 = Release|Any CPU
		{FD7B7F76-1FEA-4C82-A1F6-ABC0A35CF2D0}.Debug|Any CPU.ActiveCfg = Debug|Any CPU
		{FD7B7F76-1FEA-4C82-A1F6-ABC0A35CF2D0}.Debug|Any CPU.Build.0 = Debug|Any CPU
		{FD7B7F76-1FEA-4C82-A1F6-ABC0A35CF2D0}.Release|Any CPU.ActiveCfg = Release|Any CPU
		{FD7B7F76-1FEA-4C82-A1F6-ABC0A35CF2D0}.Release|Any CPU.Build.0 = Release|Any CPU
		{E728810D-9D22-4833-8D39-7029B95B4E67}.Debug|Any CPU.ActiveCfg = Debug|Any CPU
		{E728810D-9D22-4833-8D39-7029B95B4E67}.Debug|Any CPU.Build.0 = Debug|Any CPU
		{E728810D-9D22-4833-8D39-7029B95B4E67}.Release|Any CPU.ActiveCfg = Release|Any CPU
		{E728810D-9D22-4833-8D39-7029B95B4E67}.Release|Any CPU.Build.0 = Release|Any CPU
		{5C72D2BD-624A-4E21-AF38-751D5EADAC6A}.Debug|Any CPU.ActiveCfg = Debug|Any CPU
		{5C72D2BD-624A-4E21-AF38-751D5EADAC6A}.Debug|Any CPU.Build.0 = Debug|Any CPU
		{5C72D2BD-624A-4E21-AF38-751D5EADAC6A}.Release|Any CPU.ActiveCfg = Release|Any CPU
		{5C72D2BD-624A-4E21-AF38-751D5EADAC6A}.Release|Any CPU.Build.0 = Release|Any CPU
		{CEDA6661-702D-4A2B-B4E1-3F2A7AD2F9B1}.Debug|Any CPU.ActiveCfg = Debug|Any CPU
		{CEDA6661-702D-4A2B-B4E1-3F2A7AD2F9B1}.Debug|Any CPU.Build.0 = Debug|Any CPU
		{CEDA6661-702D-4A2B-B4E1-3F2A7AD2F9B1}.Release|Any CPU.ActiveCfg = Release|Any CPU
		{CEDA6661-702D-4A2B-B4E1-3F2A7AD2F9B1}.Release|Any CPU.Build.0 = Release|Any CPU
		{5C214A74-5FB9-4EEA-AF12-BBB2F8006669}.Debug|Any CPU.ActiveCfg = Debug|Any CPU
		{5C214A74-5FB9-4EEA-AF12-BBB2F8006669}.Debug|Any CPU.Build.0 = Debug|Any CPU
		{5C214A74-5FB9-4EEA-AF12-BBB2F8006669}.Release|Any CPU.ActiveCfg = Release|Any CPU
		{5C214A74-5FB9-4EEA-AF12-BBB2F8006669}.Release|Any CPU.Build.0 = Release|Any CPU
		{188BA026-58E9-4065-96F0-B62D0E0331F8}.Debug|Any CPU.ActiveCfg = Debug|Any CPU
		{188BA026-58E9-4065-96F0-B62D0E0331F8}.Debug|Any CPU.Build.0 = Debug|Any CPU
		{188BA026-58E9-4065-96F0-B62D0E0331F8}.Release|Any CPU.ActiveCfg = Release|Any CPU
		{188BA026-58E9-4065-96F0-B62D0E0331F8}.Release|Any CPU.Build.0 = Release|Any CPU
		{5B589946-7642-44FE-9A1E-CE384AA1C42C}.Debug|Any CPU.ActiveCfg = Debug|Any CPU
		{5B589946-7642-44FE-9A1E-CE384AA1C42C}.Debug|Any CPU.Build.0 = Debug|Any CPU
		{5B589946-7642-44FE-9A1E-CE384AA1C42C}.Release|Any CPU.ActiveCfg = Release|Any CPU
		{5B589946-7642-44FE-9A1E-CE384AA1C42C}.Release|Any CPU.Build.0 = Release|Any CPU
	EndGlobalSection
	GlobalSection(SolutionProperties) = preSolution
		HideSolutionNode = FALSE
	EndGlobalSection
	GlobalSection(NestedProjects) = preSolution
		{248363FA-3A36-4774-809D-D0CA4B592D53} = {9600D645-9E0F-404B-A9EB-4404FF8C934B}
		{99AEC124-B2AA-457E-AFBE-8208866FC67E} = {9600D645-9E0F-404B-A9EB-4404FF8C934B}
		{79FF5C7E-0824-4BA0-8F86-57CE4500715B} = {9600D645-9E0F-404B-A9EB-4404FF8C934B}
		{49199176-59BB-4EC8-B5D6-854D9138C8BA} = {9600D645-9E0F-404B-A9EB-4404FF8C934B}
		{215FA7A3-03D9-44CD-AC6D-1066B767858E} = {77B2D38F-D32C-46A7-8051-02418E748191}
		{F7D3F1AF-30F7-46CA-9F2A-17BF1BE77D23} = {215FA7A3-03D9-44CD-AC6D-1066B767858E}
		{E8B8A9F7-B0EA-4D65-9300-E215C3C99138} = {77B2D38F-D32C-46A7-8051-02418E748191}
		{FD7B7F76-1FEA-4C82-A1F6-ABC0A35CF2D0} = {E8B8A9F7-B0EA-4D65-9300-E215C3C99138}
		{E728810D-9D22-4833-8D39-7029B95B4E67} = {215FA7A3-03D9-44CD-AC6D-1066B767858E}
		{5C72D2BD-624A-4E21-AF38-751D5EADAC6A} = {E8B8A9F7-B0EA-4D65-9300-E215C3C99138}
		{CEDA6661-702D-4A2B-B4E1-3F2A7AD2F9B1} = {215FA7A3-03D9-44CD-AC6D-1066B767858E}
		{5C214A74-5FB9-4EEA-AF12-BBB2F8006669} = {E8B8A9F7-B0EA-4D65-9300-E215C3C99138}
		{188BA026-58E9-4065-96F0-B62D0E0331F8} = {215FA7A3-03D9-44CD-AC6D-1066B767858E}
		{5B589946-7642-44FE-9A1E-CE384AA1C42C} = {E8B8A9F7-B0EA-4D65-9300-E215C3C99138}
	EndGlobalSection
	GlobalSection(ExtensibilityGlobals) = postSolution
		SolutionGuid = {59EE7BAD-F019-4450-AABA-C24BA73C74EE}
	EndGlobalSection
EndGlobal
